
Microsoft Visual Studio Solution File, Format Version 12.00
# Visual Studio 14
VisualStudioVersion = 14.0.25420.1
MinimumVisualStudioVersion = 10.0.40219.1
Project("{FAE04EC0-301F-11D3-BF4B-00C04F79EFBC}") = "MorningEarWorm.LastFM", "MorningEarWorm.LastFM\MorningEarWorm.LastFM.csproj", "{6562ED4A-CEBD-4AF6-86D5-21F50D6AC52B}"
EndProject
Project("{FAE04EC0-301F-11D3-BF4B-00C04F79EFBC}") = "MorningEarWorm.CLI", "MorningEarWorm.CLI\MorningEarWorm.CLI.csproj", "{9DD56790-C1DB-4D54-9565-5273C9595521}"
EndProject
Project("{FAE04EC0-301F-11D3-BF4B-00C04F79EFBC}") = "MorningEarWorm.Core", "MorningEarWorm.Core\MorningEarWorm.Core.csproj", "{632A79CB-E5C2-40A7-971F-5A4D6699DEE5}"
EndProject
Project("{FAE04EC0-301F-11D3-BF4B-00C04F79EFBC}") = "MorningEarWorm.Mobile.Droid", "MorningEarWorm.Mobile\MorningEarWorm.Mobile.Droid\MorningEarWorm.Mobile.Droid.csproj", "{F4588A42-AE27-4432-BE80-BAA568A75F46}"
EndProject
Project("{D954291E-2A0B-460D-934E-DC6B0785DB48}") = "MorningEarWorm.Mobile", "MorningEarWorm.Mobile\MorningEarWorm.Mobile\MorningEarWorm.Mobile.shproj", "{CF51AC8B-64D6-4354-8AEB-FF4B222CC819}"
EndProject
Global
	GlobalSection(SharedMSBuildProjectFiles) = preSolution
		MorningEarWorm.Mobile\MorningEarWorm.Mobile\MorningEarWorm.Mobile.projitems*{cf51ac8b-64d6-4354-8aeb-ff4b222cc819}*SharedItemsImports = 13
		MorningEarWorm.Mobile\MorningEarWorm.Mobile\MorningEarWorm.Mobile.projitems*{f4588a42-ae27-4432-be80-baa568a75f46}*SharedItemsImports = 4
	EndGlobalSection
	GlobalSection(SolutionConfigurationPlatforms) = preSolution
		Ad-Hoc|Any CPU = Ad-Hoc|Any CPU
		Ad-Hoc|ARM = Ad-Hoc|ARM
		Ad-Hoc|iPhone = Ad-Hoc|iPhone
		Ad-Hoc|iPhoneSimulator = Ad-Hoc|iPhoneSimulator
		Ad-Hoc|x64 = Ad-Hoc|x64
		Ad-Hoc|x86 = Ad-Hoc|x86
		AppStore|Any CPU = AppStore|Any CPU
		AppStore|ARM = AppStore|ARM
		AppStore|iPhone = AppStore|iPhone
		AppStore|iPhoneSimulator = AppStore|iPhoneSimulator
		AppStore|x64 = AppStore|x64
		AppStore|x86 = AppStore|x86
		Debug|Any CPU = Debug|Any CPU
		Debug|ARM = Debug|ARM
		Debug|iPhone = Debug|iPhone
		Debug|iPhoneSimulator = Debug|iPhoneSimulator
		Debug|x64 = Debug|x64
		Debug|x86 = Debug|x86
		Release|Any CPU = Release|Any CPU
		Release|ARM = Release|ARM
		Release|iPhone = Release|iPhone
		Release|iPhoneSimulator = Release|iPhoneSimulator
		Release|x64 = Release|x64
		Release|x86 = Release|x86
	EndGlobalSection
	GlobalSection(ProjectConfigurationPlatforms) = postSolution
		{6562ED4A-CEBD-4AF6-86D5-21F50D6AC52B}.Ad-Hoc|Any CPU.ActiveCfg = Release|Any CPU
		{6562ED4A-CEBD-4AF6-86D5-21F50D6AC52B}.Ad-Hoc|Any CPU.Build.0 = Release|Any CPU
		{6562ED4A-CEBD-4AF6-86D5-21F50D6AC52B}.Ad-Hoc|ARM.ActiveCfg = Release|Any CPU
		{6562ED4A-CEBD-4AF6-86D5-21F50D6AC52B}.Ad-Hoc|ARM.Build.0 = Release|Any CPU
		{6562ED4A-CEBD-4AF6-86D5-21F50D6AC52B}.Ad-Hoc|iPhone.ActiveCfg = Release|Any CPU
		{6562ED4A-CEBD-4AF6-86D5-21F50D6AC52B}.Ad-Hoc|iPhone.Build.0 = Release|Any CPU
		{6562ED4A-CEBD-4AF6-86D5-21F50D6AC52B}.Ad-Hoc|iPhoneSimulator.ActiveCfg = Release|Any CPU
		{6562ED4A-CEBD-4AF6-86D5-21F50D6AC52B}.Ad-Hoc|iPhoneSimulator.Build.0 = Release|Any CPU
		{6562ED4A-CEBD-4AF6-86D5-21F50D6AC52B}.Ad-Hoc|x64.ActiveCfg = Release|Any CPU
		{6562ED4A-CEBD-4AF6-86D5-21F50D6AC52B}.Ad-Hoc|x64.Build.0 = Release|Any CPU
		{6562ED4A-CEBD-4AF6-86D5-21F50D6AC52B}.Ad-Hoc|x86.ActiveCfg = Release|Any CPU
		{6562ED4A-CEBD-4AF6-86D5-21F50D6AC52B}.Ad-Hoc|x86.Build.0 = Release|Any CPU
		{6562ED4A-CEBD-4AF6-86D5-21F50D6AC52B}.AppStore|Any CPU.ActiveCfg = Release|Any CPU
		{6562ED4A-CEBD-4AF6-86D5-21F50D6AC52B}.AppStore|Any CPU.Build.0 = Release|Any CPU
		{6562ED4A-CEBD-4AF6-86D5-21F50D6AC52B}.AppStore|ARM.ActiveCfg = Release|Any CPU
		{6562ED4A-CEBD-4AF6-86D5-21F50D6AC52B}.AppStore|ARM.Build.0 = Release|Any CPU
		{6562ED4A-CEBD-4AF6-86D5-21F50D6AC52B}.AppStore|iPhone.ActiveCfg = Release|Any CPU
		{6562ED4A-CEBD-4AF6-86D5-21F50D6AC52B}.AppStore|iPhone.Build.0 = Release|Any CPU
		{6562ED4A-CEBD-4AF6-86D5-21F50D6AC52B}.AppStore|iPhoneSimulator.ActiveCfg = Release|Any CPU
		{6562ED4A-CEBD-4AF6-86D5-21F50D6AC52B}.AppStore|iPhoneSimulator.Build.0 = Release|Any CPU
		{6562ED4A-CEBD-4AF6-86D5-21F50D6AC52B}.AppStore|x64.ActiveCfg = Release|Any CPU
		{6562ED4A-CEBD-4AF6-86D5-21F50D6AC52B}.AppStore|x64.Build.0 = Release|Any CPU
		{6562ED4A-CEBD-4AF6-86D5-21F50D6AC52B}.AppStore|x86.ActiveCfg = Release|Any CPU
		{6562ED4A-CEBD-4AF6-86D5-21F50D6AC52B}.AppStore|x86.Build.0 = Release|Any CPU
		{6562ED4A-CEBD-4AF6-86D5-21F50D6AC52B}.Debug|Any CPU.ActiveCfg = Debug|Any CPU
		{6562ED4A-CEBD-4AF6-86D5-21F50D6AC52B}.Debug|Any CPU.Build.0 = Debug|Any CPU
		{6562ED4A-CEBD-4AF6-86D5-21F50D6AC52B}.Debug|ARM.ActiveCfg = Debug|Any CPU
		{6562ED4A-CEBD-4AF6-86D5-21F50D6AC52B}.Debug|ARM.Build.0 = Debug|Any CPU
		{6562ED4A-CEBD-4AF6-86D5-21F50D6AC52B}.Debug|iPhone.ActiveCfg = Debug|Any CPU
		{6562ED4A-CEBD-4AF6-86D5-21F50D6AC52B}.Debug|iPhone.Build.0 = Debug|Any CPU
		{6562ED4A-CEBD-4AF6-86D5-21F50D6AC52B}.Debug|iPhoneSimulator.ActiveCfg = Debug|Any CPU
		{6562ED4A-CEBD-4AF6-86D5-21F50D6AC52B}.Debug|iPhoneSimulator.Build.0 = Debug|Any CPU
		{6562ED4A-CEBD-4AF6-86D5-21F50D6AC52B}.Debug|x64.ActiveCfg = Debug|Any CPU
		{6562ED4A-CEBD-4AF6-86D5-21F50D6AC52B}.Debug|x64.Build.0 = Debug|Any CPU
		{6562ED4A-CEBD-4AF6-86D5-21F50D6AC52B}.Debug|x86.ActiveCfg = Debug|Any CPU
		{6562ED4A-CEBD-4AF6-86D5-21F50D6AC52B}.Debug|x86.Build.0 = Debug|Any CPU
		{6562ED4A-CEBD-4AF6-86D5-21F50D6AC52B}.Release|Any CPU.ActiveCfg = Release|Any CPU
		{6562ED4A-CEBD-4AF6-86D5-21F50D6AC52B}.Release|Any CPU.Build.0 = Release|Any CPU
		{6562ED4A-CEBD-4AF6-86D5-21F50D6AC52B}.Release|ARM.ActiveCfg = Release|Any CPU
		{6562ED4A-CEBD-4AF6-86D5-21F50D6AC52B}.Release|ARM.Build.0 = Release|Any CPU
		{6562ED4A-CEBD-4AF6-86D5-21F50D6AC52B}.Release|iPhone.ActiveCfg = Release|Any CPU
		{6562ED4A-CEBD-4AF6-86D5-21F50D6AC52B}.Release|iPhone.Build.0 = Release|Any CPU
		{6562ED4A-CEBD-4AF6-86D5-21F50D6AC52B}.Release|iPhoneSimulator.ActiveCfg = Release|Any CPU
		{6562ED4A-CEBD-4AF6-86D5-21F50D6AC52B}.Release|iPhoneSimulator.Build.0 = Release|Any CPU
		{6562ED4A-CEBD-4AF6-86D5-21F50D6AC52B}.Release|x64.ActiveCfg = Release|Any CPU
		{6562ED4A-CEBD-4AF6-86D5-21F50D6AC52B}.Release|x64.Build.0 = Release|Any CPU
		{6562ED4A-CEBD-4AF6-86D5-21F50D6AC52B}.Release|x86.ActiveCfg = Release|Any CPU
		{6562ED4A-CEBD-4AF6-86D5-21F50D6AC52B}.Release|x86.Build.0 = Release|Any CPU
		{9DD56790-C1DB-4D54-9565-5273C9595521}.Ad-Hoc|Any CPU.ActiveCfg = Release|Any CPU
		{9DD56790-C1DB-4D54-9565-5273C9595521}.Ad-Hoc|Any CPU.Build.0 = Release|Any CPU
		{9DD56790-C1DB-4D54-9565-5273C9595521}.Ad-Hoc|ARM.ActiveCfg = Release|Any CPU
		{9DD56790-C1DB-4D54-9565-5273C9595521}.Ad-Hoc|ARM.Build.0 = Release|Any CPU
		{9DD56790-C1DB-4D54-9565-5273C9595521}.Ad-Hoc|iPhone.ActiveCfg = Release|Any CPU
		{9DD56790-C1DB-4D54-9565-5273C9595521}.Ad-Hoc|iPhone.Build.0 = Release|Any CPU
		{9DD56790-C1DB-4D54-9565-5273C9595521}.Ad-Hoc|iPhoneSimulator.ActiveCfg = Release|Any CPU
		{9DD56790-C1DB-4D54-9565-5273C9595521}.Ad-Hoc|iPhoneSimulator.Build.0 = Release|Any CPU
		{9DD56790-C1DB-4D54-9565-5273C9595521}.Ad-Hoc|x64.ActiveCfg = Release|Any CPU
		{9DD56790-C1DB-4D54-9565-5273C9595521}.Ad-Hoc|x64.Build.0 = Release|Any CPU
		{9DD56790-C1DB-4D54-9565-5273C9595521}.Ad-Hoc|x86.ActiveCfg = Release|Any CPU
		{9DD56790-C1DB-4D54-9565-5273C9595521}.Ad-Hoc|x86.Build.0 = Release|Any CPU
		{9DD56790-C1DB-4D54-9565-5273C9595521}.AppStore|Any CPU.ActiveCfg = Release|Any CPU
		{9DD56790-C1DB-4D54-9565-5273C9595521}.AppStore|Any CPU.Build.0 = Release|Any CPU
		{9DD56790-C1DB-4D54-9565-5273C9595521}.AppStore|ARM.ActiveCfg = Release|Any CPU
		{9DD56790-C1DB-4D54-9565-5273C9595521}.AppStore|ARM.Build.0 = Release|Any CPU
		{9DD56790-C1DB-4D54-9565-5273C9595521}.AppStore|iPhone.ActiveCfg = Release|Any CPU
		{9DD56790-C1DB-4D54-9565-5273C9595521}.AppStore|iPhone.Build.0 = Release|Any CPU
		{9DD56790-C1DB-4D54-9565-5273C9595521}.AppStore|iPhoneSimulator.ActiveCfg = Release|Any CPU
		{9DD56790-C1DB-4D54-9565-5273C9595521}.AppStore|iPhoneSimulator.Build.0 = Release|Any CPU
		{9DD56790-C1DB-4D54-9565-5273C9595521}.AppStore|x64.ActiveCfg = Release|Any CPU
		{9DD56790-C1DB-4D54-9565-5273C9595521}.AppStore|x64.Build.0 = Release|Any CPU
		{9DD56790-C1DB-4D54-9565-5273C9595521}.AppStore|x86.ActiveCfg = Release|Any CPU
		{9DD56790-C1DB-4D54-9565-5273C9595521}.AppStore|x86.Build.0 = Release|Any CPU
		{9DD56790-C1DB-4D54-9565-5273C9595521}.Debug|Any CPU.ActiveCfg = Debug|Any CPU
		{9DD56790-C1DB-4D54-9565-5273C9595521}.Debug|Any CPU.Build.0 = Debug|Any CPU
		{9DD56790-C1DB-4D54-9565-5273C9595521}.Debug|ARM.ActiveCfg = Debug|Any CPU
		{9DD56790-C1DB-4D54-9565-5273C9595521}.Debug|ARM.Build.0 = Debug|Any CPU
		{9DD56790-C1DB-4D54-9565-5273C9595521}.Debug|iPhone.ActiveCfg = Debug|Any CPU
		{9DD56790-C1DB-4D54-9565-5273C9595521}.Debug|iPhone.Build.0 = Debug|Any CPU
		{9DD56790-C1DB-4D54-9565-5273C9595521}.Debug|iPhoneSimulator.ActiveCfg = Debug|Any CPU
		{9DD56790-C1DB-4D54-9565-5273C9595521}.Debug|iPhoneSimulator.Build.0 = Debug|Any CPU
		{9DD56790-C1DB-4D54-9565-5273C9595521}.Debug|x64.ActiveCfg = Debug|Any CPU
		{9DD56790-C1DB-4D54-9565-5273C9595521}.Debug|x64.Build.0 = Debug|Any CPU
		{9DD56790-C1DB-4D54-9565-5273C9595521}.Debug|x86.ActiveCfg = Debug|Any CPU
		{9DD56790-C1DB-4D54-9565-5273C9595521}.Debug|x86.Build.0 = Debug|Any CPU
		{9DD56790-C1DB-4D54-9565-5273C9595521}.Release|Any CPU.ActiveCfg = Release|Any CPU
		{9DD56790-C1DB-4D54-9565-5273C9595521}.Release|Any CPU.Build.0 = Release|Any CPU
		{9DD56790-C1DB-4D54-9565-5273C9595521}.Release|ARM.ActiveCfg = Release|Any CPU
		{9DD56790-C1DB-4D54-9565-5273C9595521}.Release|ARM.Build.0 = Release|Any CPU
		{9DD56790-C1DB-4D54-9565-5273C9595521}.Release|iPhone.ActiveCfg = Release|Any CPU
		{9DD56790-C1DB-4D54-9565-5273C9595521}.Release|iPhone.Build.0 = Release|Any CPU
		{9DD56790-C1DB-4D54-9565-5273C9595521}.Release|iPhoneSimulator.ActiveCfg = Release|Any CPU
		{9DD56790-C1DB-4D54-9565-5273C9595521}.Release|iPhoneSimulator.Build.0 = Release|Any CPU
		{9DD56790-C1DB-4D54-9565-5273C9595521}.Release|x64.ActiveCfg = Release|Any CPU
		{9DD56790-C1DB-4D54-9565-5273C9595521}.Release|x64.Build.0 = Release|Any CPU
		{9DD56790-C1DB-4D54-9565-5273C9595521}.Release|x86.ActiveCfg = Release|Any CPU
		{9DD56790-C1DB-4D54-9565-5273C9595521}.Release|x86.Build.0 = Release|Any CPU
		{632A79CB-E5C2-40A7-971F-5A4D6699DEE5}.Ad-Hoc|Any CPU.ActiveCfg = Release|Any CPU
		{632A79CB-E5C2-40A7-971F-5A4D6699DEE5}.Ad-Hoc|Any CPU.Build.0 = Release|Any CPU
		{632A79CB-E5C2-40A7-971F-5A4D6699DEE5}.Ad-Hoc|ARM.ActiveCfg = Release|Any CPU
		{632A79CB-E5C2-40A7-971F-5A4D6699DEE5}.Ad-Hoc|ARM.Build.0 = Release|Any CPU
		{632A79CB-E5C2-40A7-971F-5A4D6699DEE5}.Ad-Hoc|iPhone.ActiveCfg = Release|Any CPU
		{632A79CB-E5C2-40A7-971F-5A4D6699DEE5}.Ad-Hoc|iPhone.Build.0 = Release|Any CPU
		{632A79CB-E5C2-40A7-971F-5A4D6699DEE5}.Ad-Hoc|iPhoneSimulator.ActiveCfg = Release|Any CPU
		{632A79CB-E5C2-40A7-971F-5A4D6699DEE5}.Ad-Hoc|iPhoneSimulator.Build.0 = Release|Any CPU
		{632A79CB-E5C2-40A7-971F-5A4D6699DEE5}.Ad-Hoc|x64.ActiveCfg = Release|Any CPU
		{632A79CB-E5C2-40A7-971F-5A4D6699DEE5}.Ad-Hoc|x64.Build.0 = Release|Any CPU
		{632A79CB-E5C2-40A7-971F-5A4D6699DEE5}.Ad-Hoc|x86.ActiveCfg = Release|Any CPU
		{632A79CB-E5C2-40A7-971F-5A4D6699DEE5}.Ad-Hoc|x86.Build.0 = Release|Any CPU
		{632A79CB-E5C2-40A7-971F-5A4D6699DEE5}.AppStore|Any CPU.ActiveCfg = Release|Any CPU
		{632A79CB-E5C2-40A7-971F-5A4D6699DEE5}.AppStore|Any CPU.Build.0 = Release|Any CPU
		{632A79CB-E5C2-40A7-971F-5A4D6699DEE5}.AppStore|ARM.ActiveCfg = Release|Any CPU
		{632A79CB-E5C2-40A7-971F-5A4D6699DEE5}.AppStore|ARM.Build.0 = Release|Any CPU
		{632A79CB-E5C2-40A7-971F-5A4D6699DEE5}.AppStore|iPhone.ActiveCfg = Release|Any CPU
		{632A79CB-E5C2-40A7-971F-5A4D6699DEE5}.AppStore|iPhone.Build.0 = Release|Any CPU
		{632A79CB-E5C2-40A7-971F-5A4D6699DEE5}.AppStore|iPhoneSimulator.ActiveCfg = Release|Any CPU
		{632A79CB-E5C2-40A7-971F-5A4D6699DEE5}.AppStore|iPhoneSimulator.Build.0 = Release|Any CPU
		{632A79CB-E5C2-40A7-971F-5A4D6699DEE5}.AppStore|x64.ActiveCfg = Release|Any CPU
		{632A79CB-E5C2-40A7-971F-5A4D6699DEE5}.AppStore|x64.Build.0 = Release|Any CPU
		{632A79CB-E5C2-40A7-971F-5A4D6699DEE5}.AppStore|x86.ActiveCfg = Release|Any CPU
		{632A79CB-E5C2-40A7-971F-5A4D6699DEE5}.AppStore|x86.Build.0 = Release|Any CPU
		{632A79CB-E5C2-40A7-971F-5A4D6699DEE5}.Debug|Any CPU.ActiveCfg = Debug|Any CPU
		{632A79CB-E5C2-40A7-971F-5A4D6699DEE5}.Debug|Any CPU.Build.0 = Debug|Any CPU
		{632A79CB-E5C2-40A7-971F-5A4D6699DEE5}.Debug|ARM.ActiveCfg = Debug|Any CPU
		{632A79CB-E5C2-40A7-971F-5A4D6699DEE5}.Debug|ARM.Build.0 = Debug|Any CPU
		{632A79CB-E5C2-40A7-971F-5A4D6699DEE5}.Debug|iPhone.ActiveCfg = Debug|Any CPU
		{632A79CB-E5C2-40A7-971F-5A4D6699DEE5}.Debug|iPhone.Build.0 = Debug|Any CPU
		{632A79CB-E5C2-40A7-971F-5A4D6699DEE5}.Debug|iPhoneSimulator.ActiveCfg = Debug|Any CPU
		{632A79CB-E5C2-40A7-971F-5A4D6699DEE5}.Debug|iPhoneSimulator.Build.0 = Debug|Any CPU
		{632A79CB-E5C2-40A7-971F-5A4D6699DEE5}.Debug|x64.ActiveCfg = Debug|Any CPU
		{632A79CB-E5C2-40A7-971F-5A4D6699DEE5}.Debug|x64.Build.0 = Debug|Any CPU
		{632A79CB-E5C2-40A7-971F-5A4D6699DEE5}.Debug|x86.ActiveCfg = Debug|Any CPU
		{632A79CB-E5C2-40A7-971F-5A4D6699DEE5}.Debug|x86.Build.0 = Debug|Any CPU
		{632A79CB-E5C2-40A7-971F-5A4D6699DEE5}.Release|Any CPU.ActiveCfg = Release|Any CPU
		{632A79CB-E5C2-40A7-971F-5A4D6699DEE5}.Release|Any CPU.Build.0 = Release|Any CPU
		{632A79CB-E5C2-40A7-971F-5A4D6699DEE5}.Release|ARM.ActiveCfg = Release|Any CPU
		{632A79CB-E5C2-40A7-971F-5A4D6699DEE5}.Release|ARM.Build.0 = Release|Any CPU
		{632A79CB-E5C2-40A7-971F-5A4D6699DEE5}.Release|iPhone.ActiveCfg = Release|Any CPU
		{632A79CB-E5C2-40A7-971F-5A4D6699DEE5}.Release|iPhone.Build.0 = Release|Any CPU
		{632A79CB-E5C2-40A7-971F-5A4D6699DEE5}.Release|iPhoneSimulator.ActiveCfg = Release|Any CPU
		{632A79CB-E5C2-40A7-971F-5A4D6699DEE5}.Release|iPhoneSimulator.Build.0 = Release|Any CPU
		{632A79CB-E5C2-40A7-971F-5A4D6699DEE5}.Release|x64.ActiveCfg = Release|Any CPU
		{632A79CB-E5C2-40A7-971F-5A4D6699DEE5}.Release|x64.Build.0 = Release|Any CPU
		{632A79CB-E5C2-40A7-971F-5A4D6699DEE5}.Release|x86.ActiveCfg = Release|Any CPU
		{632A79CB-E5C2-40A7-971F-5A4D6699DEE5}.Release|x86.Build.0 = Release|Any CPU
		{F4588A42-AE27-4432-BE80-BAA568A75F46}.Ad-Hoc|Any CPU.ActiveCfg = Release|Any CPU
		{F4588A42-AE27-4432-BE80-BAA568A75F46}.Ad-Hoc|Any CPU.Build.0 = Release|Any CPU
		{F4588A42-AE27-4432-BE80-BAA568A75F46}.Ad-Hoc|Any CPU.Deploy.0 = Release|Any CPU
		{F4588A42-AE27-4432-BE80-BAA568A75F46}.Ad-Hoc|ARM.ActiveCfg = Release|Any CPU
		{F4588A42-AE27-4432-BE80-BAA568A75F46}.Ad-Hoc|ARM.Build.0 = Release|Any CPU
		{F4588A42-AE27-4432-BE80-BAA568A75F46}.Ad-Hoc|ARM.Deploy.0 = Release|Any CPU
		{F4588A42-AE27-4432-BE80-BAA568A75F46}.Ad-Hoc|iPhone.ActiveCfg = Release|Any CPU
		{F4588A42-AE27-4432-BE80-BAA568A75F46}.Ad-Hoc|iPhone.Build.0 = Release|Any CPU
		{F4588A42-AE27-4432-BE80-BAA568A75F46}.Ad-Hoc|iPhone.Deploy.0 = Release|Any CPU
		{F4588A42-AE27-4432-BE80-BAA568A75F46}.Ad-Hoc|iPhoneSimulator.ActiveCfg = Release|Any CPU
		{F4588A42-AE27-4432-BE80-BAA568A75F46}.Ad-Hoc|iPhoneSimulator.Build.0 = Release|Any CPU
		{F4588A42-AE27-4432-BE80-BAA568A75F46}.Ad-Hoc|iPhoneSimulator.Deploy.0 = Release|Any CPU
		{F4588A42-AE27-4432-BE80-BAA568A75F46}.Ad-Hoc|x64.ActiveCfg = Release|Any CPU
		{F4588A42-AE27-4432-BE80-BAA568A75F46}.Ad-Hoc|x64.Build.0 = Release|Any CPU
		{F4588A42-AE27-4432-BE80-BAA568A75F46}.Ad-Hoc|x64.Deploy.0 = Release|Any CPU
		{F4588A42-AE27-4432-BE80-BAA568A75F46}.Ad-Hoc|x86.ActiveCfg = Release|Any CPU
		{F4588A42-AE27-4432-BE80-BAA568A75F46}.Ad-Hoc|x86.Build.0 = Release|Any CPU
		{F4588A42-AE27-4432-BE80-BAA568A75F46}.Ad-Hoc|x86.Deploy.0 = Release|Any CPU
		{F4588A42-AE27-4432-BE80-BAA568A75F46}.AppStore|Any CPU.ActiveCfg = Release|Any CPU
		{F4588A42-AE27-4432-BE80-BAA568A75F46}.AppStore|Any CPU.Build.0 = Release|Any CPU
		{F4588A42-AE27-4432-BE80-BAA568A75F46}.AppStore|Any CPU.Deploy.0 = Release|Any CPU
		{F4588A42-AE27-4432-BE80-BAA568A75F46}.AppStore|ARM.ActiveCfg = Release|Any CPU
		{F4588A42-AE27-4432-BE80-BAA568A75F46}.AppStore|ARM.Build.0 = Release|Any CPU
		{F4588A42-AE27-4432-BE80-BAA568A75F46}.AppStore|ARM.Deploy.0 = Release|Any CPU
		{F4588A42-AE27-4432-BE80-BAA568A75F46}.AppStore|iPhone.ActiveCfg = Release|Any CPU
		{F4588A42-AE27-4432-BE80-BAA568A75F46}.AppStore|iPhone.Build.0 = Release|Any CPU
		{F4588A42-AE27-4432-BE80-BAA568A75F46}.AppStore|iPhone.Deploy.0 = Release|Any CPU
		{F4588A42-AE27-4432-BE80-BAA568A75F46}.AppStore|iPhoneSimulator.ActiveCfg = Release|Any CPU
		{F4588A42-AE27-4432-BE80-BAA568A75F46}.AppStore|iPhoneSimulator.Build.0 = Release|Any CPU
		{F4588A42-AE27-4432-BE80-BAA568A75F46}.AppStore|iPhoneSimulator.Deploy.0 = Release|Any CPU
		{F4588A42-AE27-4432-BE80-BAA568A75F46}.AppStore|x64.ActiveCfg = Release|Any CPU
		{F4588A42-AE27-4432-BE80-BAA568A75F46}.AppStore|x64.Build.0 = Release|Any CPU
		{F4588A42-AE27-4432-BE80-BAA568A75F46}.AppStore|x64.Deploy.0 = Release|Any CPU
		{F4588A42-AE27-4432-BE80-BAA568A75F46}.AppStore|x86.ActiveCfg = Release|Any CPU
		{F4588A42-AE27-4432-BE80-BAA568A75F46}.AppStore|x86.Build.0 = Release|Any CPU
		{F4588A42-AE27-4432-BE80-BAA568A75F46}.AppStore|x86.Deploy.0 = Release|Any CPU
		{F4588A42-AE27-4432-BE80-BAA568A75F46}.Debug|Any CPU.ActiveCfg = Debug|Any CPU
		{F4588A42-AE27-4432-BE80-BAA568A75F46}.Debug|Any CPU.Build.0 = Debug|Any CPU
		{F4588A42-AE27-4432-BE80-BAA568A75F46}.Debug|Any CPU.Deploy.0 = Debug|Any CPU
		{F4588A42-AE27-4432-BE80-BAA568A75F46}.Debug|ARM.ActiveCfg = Debug|Any CPU
		{F4588A42-AE27-4432-BE80-BAA568A75F46}.Debug|ARM.Build.0 = Debug|Any CPU
		{F4588A42-AE27-4432-BE80-BAA568A75F46}.Debug|ARM.Deploy.0 = Debug|Any CPU
		{F4588A42-AE27-4432-BE80-BAA568A75F46}.Debug|iPhone.ActiveCfg = Debug|Any CPU
		{F4588A42-AE27-4432-BE80-BAA568A75F46}.Debug|iPhone.Build.0 = Debug|Any CPU
		{F4588A42-AE27-4432-BE80-BAA568A75F46}.Debug|iPhone.Deploy.0 = Debug|Any CPU
		{F4588A42-AE27-4432-BE80-BAA568A75F46}.Debug|iPhoneSimulator.ActiveCfg = Debug|Any CPU
		{F4588A42-AE27-4432-BE80-BAA568A75F46}.Debug|iPhoneSimulator.Build.0 = Debug|Any CPU
		{F4588A42-AE27-4432-BE80-BAA568A75F46}.Debug|iPhoneSimulator.Deploy.0 = Debug|Any CPU
		{F4588A42-AE27-4432-BE80-BAA568A75F46}.Debug|x64.ActiveCfg = Debug|Any CPU
		{F4588A42-AE27-4432-BE80-BAA568A75F46}.Debug|x64.Build.0 = Debug|Any CPU
		{F4588A42-AE27-4432-BE80-BAA568A75F46}.Debug|x64.Deploy.0 = Debug|Any CPU
		{F4588A42-AE27-4432-BE80-BAA568A75F46}.Debug|x86.ActiveCfg = Debug|Any CPU
		{F4588A42-AE27-4432-BE80-BAA568A75F46}.Debug|x86.Build.0 = Debug|Any CPU
		{F4588A42-AE27-4432-BE80-BAA568A75F46}.Debug|x86.Deploy.0 = Debug|Any CPU
		{F4588A42-AE27-4432-BE80-BAA568A75F46}.Release|Any CPU.ActiveCfg = Release|Any CPU
		{F4588A42-AE27-4432-BE80-BAA568A75F46}.Release|Any CPU.Build.0 = Release|Any CPU
		{F4588A42-AE27-4432-BE80-BAA568A75F46}.Release|Any CPU.Deploy.0 = Release|Any CPU
		{F4588A42-AE27-4432-BE80-BAA568A75F46}.Release|ARM.ActiveCfg = Release|Any CPU
		{F4588A42-AE27-4432-BE80-BAA568A75F46}.Release|ARM.Build.0 = Release|Any CPU
		{F4588A42-AE27-4432-BE80-BAA568A75F46}.Release|ARM.Deploy.0 = Release|Any CPU
		{F4588A42-AE27-4432-BE80-BAA568A75F46}.Release|iPhone.ActiveCfg = Release|Any CPU
		{F4588A42-AE27-4432-BE80-BAA568A75F46}.Release|iPhone.Build.0 = Release|Any CPU
		{F4588A42-AE27-4432-BE80-BAA568A75F46}.Release|iPhone.Deploy.0 = Release|Any CPU
		{F4588A42-AE27-4432-BE80-BAA568A75F46}.Release|iPhoneSimulator.ActiveCfg = Release|Any CPU
		{F4588A42-AE27-4432-BE80-BAA568A75F46}.Release|iPhoneSimulator.Build.0 = Release|Any CPU
		{F4588A42-AE27-4432-BE80-BAA568A75F46}.Release|iPhoneSimulator.Deploy.0 = Release|Any CPU
		{F4588A42-AE27-4432-BE80-BAA568A75F46}.Release|x64.ActiveCfg = Release|Any CPU
		{F4588A42-AE27-4432-BE80-BAA568A75F46}.Release|x64.Build.0 = Release|Any CPU
		{F4588A42-AE27-4432-BE80-BAA568A75F46}.Release|x64.Deploy.0 = Release|Any CPU
		{F4588A42-AE27-4432-BE80-BAA568A75F46}.Release|x86.ActiveCfg = Release|Any CPU
		{F4588A42-AE27-4432-BE80-BAA568A75F46}.Release|x86.Build.0 = Release|Any CPU
		{F4588A42-AE27-4432-BE80-BAA568A75F46}.Release|x86.Deploy.0 = Release|Any CPU
	EndGlobalSection
	GlobalSection(SolutionProperties) = preSolution
		HideSolutionNode = FALSE
	EndGlobalSection
EndGlobal
