
Microsoft Visual Studio Solution File, Format Version 12.00
# Visual Studio 14
VisualStudioVersion = 14.0.25420.1
MinimumVisualStudioVersion = 10.0.40219.1
Project("{FAE04EC0-301F-11D3-BF4B-00C04F79EFBC}") = "MorningEarWorm.LastFM", "MorningEarWorm.LastFM\MorningEarWorm.LastFM.csproj", "{6562ED4A-CEBD-4AF6-86D5-21F50D6AC52B}"
EndProject
Project("{FAE04EC0-301F-11D3-BF4B-00C04F79EFBC}") = "MorningEarWorm.CLI", "MorningEarWorm.CLI\MorningEarWorm.CLI.csproj", "{9DD56790-C1DB-4D54-9565-5273C9595521}"
EndProject
Project("{FAE04EC0-301F-11D3-BF4B-00C04F79EFBC}") = "MorningEarWorm.Core", "MorningEarWorm.Core\MorningEarWorm.Core.csproj", "{632A79CB-E5C2-40A7-971F-5A4D6699DEE5}"
EndProject
Global
	GlobalSection(SolutionConfigurationPlatforms) = preSolution
		Debug|Any CPU = Debug|Any CPU
		Release|Any CPU = Release|Any CPU
	EndGlobalSection
	GlobalSection(ProjectConfigurationPlatforms) = postSolution
		{6562ED4A-CEBD-4AF6-86D5-21F50D6AC52B}.Debug|Any CPU.ActiveCfg = Debug|Any CPU
		{6562ED4A-CEBD-4AF6-86D5-21F50D6AC52B}.Debug|Any CPU.Build.0 = Debug|Any CPU
		{6562ED4A-CEBD-4AF6-86D5-21F50D6AC52B}.Release|Any CPU.ActiveCfg = Release|Any CPU
		{6562ED4A-CEBD-4AF6-86D5-21F50D6AC52B}.Release|Any CPU.Build.0 = Release|Any CPU
		{9DD56790-C1DB-4D54-9565-5273C9595521}.Debug|Any CPU.ActiveCfg = Debug|Any CPU
		{9DD56790-C1DB-4D54-9565-5273C9595521}.Debug|Any CPU.Build.0 = Debug|Any CPU
		{9DD56790-C1DB-4D54-9565-5273C9595521}.Release|Any CPU.ActiveCfg = Release|Any CPU
		{9DD56790-C1DB-4D54-9565-5273C9595521}.Release|Any CPU.Build.0 = Release|Any CPU
		{632A79CB-E5C2-40A7-971F-5A4D6699DEE5}.Debug|Any CPU.ActiveCfg = Debug|Any CPU
		{632A79CB-E5C2-40A7-971F-5A4D6699DEE5}.Debug|Any CPU.Build.0 = Debug|Any CPU
		{632A79CB-E5C2-40A7-971F-5A4D6699DEE5}.Release|Any CPU.ActiveCfg = Release|Any CPU
		{632A79CB-E5C2-40A7-971F-5A4D6699DEE5}.Release|Any CPU.Build.0 = Release|Any CPU
	EndGlobalSection
	GlobalSection(SolutionProperties) = preSolution
		HideSolutionNode = FALSE
	EndGlobalSection
EndGlobal
